
Microsoft Visual Studio Solution File, Format Version 12.00
Project("{FAE04EC0-301F-11D3-BF4B-00C04F79EFBC}") = "SinhalaTutorial", "SinhalaTutorial\SinhalaTutorial.csproj", "{6264287A-7F50-4FEE-B16C-9A1A85F035E0}"
EndProject
Project("{FAE04EC0-301F-11D3-BF4B-00C04F79EFBC}") = "SinhalaTutorial.Models", "SinhalaTutorial.Models\SinhalaTutorial.Models.csproj", "{EFDD09B1-181C-4928-AB8B-B6DCA3145E21}"
EndProject
Project("{FAE04EC0-301F-11D3-BF4B-00C04F79EFBC}") = "SinhalaTutorial.Services", "SinhalaTutorial.Services\SinhalaTutorial.Services.csproj", "{7A55A975-2632-4881-B03E-8B4E8CE2C631}"
EndProject
Project("{FAE04EC0-301F-11D3-BF4B-00C04F79EFBC}") = "SinhalaTutorial.DataAccess", "SinhalaTutorial.DataAccess\SinhalaTutorial.DataAccess.csproj", "{DA1818F0-3FC5-4A0A-AB74-35FFFD16000B}"
EndProject
Global
	GlobalSection(SolutionConfigurationPlatforms) = preSolution
		Debug|Any CPU = Debug|Any CPU
		Release|Any CPU = Release|Any CPU
	EndGlobalSection
	GlobalSection(ProjectConfigurationPlatforms) = postSolution
		{6264287A-7F50-4FEE-B16C-9A1A85F035E0}.Debug|Any CPU.ActiveCfg = Debug|Any CPU
		{6264287A-7F50-4FEE-B16C-9A1A85F035E0}.Debug|Any CPU.Build.0 = Debug|Any CPU
		{6264287A-7F50-4FEE-B16C-9A1A85F035E0}.Release|Any CPU.ActiveCfg = Release|Any CPU
		{6264287A-7F50-4FEE-B16C-9A1A85F035E0}.Release|Any CPU.Build.0 = Release|Any CPU
		{EFDD09B1-181C-4928-AB8B-B6DCA3145E21}.Debug|Any CPU.ActiveCfg = Debug|Any CPU
		{EFDD09B1-181C-4928-AB8B-B6DCA3145E21}.Debug|Any CPU.Build.0 = Debug|Any CPU
		{EFDD09B1-181C-4928-AB8B-B6DCA3145E21}.Release|Any CPU.ActiveCfg = Release|Any CPU
		{EFDD09B1-181C-4928-AB8B-B6DCA3145E21}.Release|Any CPU.Build.0 = Release|Any CPU
		{7A55A975-2632-4881-B03E-8B4E8CE2C631}.Debug|Any CPU.ActiveCfg = Debug|Any CPU
		{7A55A975-2632-4881-B03E-8B4E8CE2C631}.Debug|Any CPU.Build.0 = Debug|Any CPU
		{7A55A975-2632-4881-B03E-8B4E8CE2C631}.Release|Any CPU.ActiveCfg = Release|Any CPU
		{7A55A975-2632-4881-B03E-8B4E8CE2C631}.Release|Any CPU.Build.0 = Release|Any CPU
		{DA1818F0-3FC5-4A0A-AB74-35FFFD16000B}.Debug|Any CPU.ActiveCfg = Debug|Any CPU
		{DA1818F0-3FC5-4A0A-AB74-35FFFD16000B}.Debug|Any CPU.Build.0 = Debug|Any CPU
		{DA1818F0-3FC5-4A0A-AB74-35FFFD16000B}.Release|Any CPU.ActiveCfg = Release|Any CPU
		{DA1818F0-3FC5-4A0A-AB74-35FFFD16000B}.Release|Any CPU.Build.0 = Release|Any CPU
	EndGlobalSection
EndGlobal
